
Microsoft Visual Studio Solution File, Format Version 12.00
# Visual Studio Version 16
VisualStudioVersion = 16.0.32002.261
MinimumVisualStudioVersion = 10.0.40219.1
Project("{FAE04EC0-301F-11D3-BF4B-00C04F79EFBC}") = "FuncionariosWeb", "FuncionariosWeb\FuncionariosWeb.csproj", "{250A81B9-EE2F-433D-8A44-4BD4F2599A32}"
EndProject
Global
	GlobalSection(SolutionConfigurationPlatforms) = preSolution
		Debug|Any CPU = Debug|Any CPU
		Release|Any CPU = Release|Any CPU
	EndGlobalSection
	GlobalSection(ProjectConfigurationPlatforms) = postSolution
		{250A81B9-EE2F-433D-8A44-4BD4F2599A32}.Debug|Any CPU.ActiveCfg = Debug|Any CPU
		{250A81B9-EE2F-433D-8A44-4BD4F2599A32}.Debug|Any CPU.Build.0 = Debug|Any CPU
		{250A81B9-EE2F-433D-8A44-4BD4F2599A32}.Release|Any CPU.ActiveCfg = Release|Any CPU
		{250A81B9-EE2F-433D-8A44-4BD4F2599A32}.Release|Any CPU.Build.0 = Release|Any CPU
	EndGlobalSection
	GlobalSection(SolutionProperties) = preSolution
		HideSolutionNode = FALSE
	EndGlobalSection
	GlobalSection(ExtensibilityGlobals) = postSolution
		SolutionGuid = {980C59E8-654B-4E56-8AA7-DD443F1F40DA}
	EndGlobalSection
EndGlobal
